{
  "originHash" : "dcbdae1ceb7af1aba14510306c294bbbac18d4879994ad88540f602b2372ddc5",
  "pins" : [
    {
      "identity" : "grdb.swift",
      "kind" : "remoteSourceControl",
      "location" : "https://github.com/groue/GRDB.swift.git",
      "state" : {
        "branch" : "master",
        "revision" : "bd9aea303d9dab3a4941ee838a0e4ff51c9448df"
      }
    },
    {
      "identity" : "swift-protobuf",
      "kind" : "remoteSourceControl",
      "location" : "https://github.com/apple/swift-protobuf.git",
      "state" : {
        "revision" : "65e8f29b2d63c4e38e736b25c27b83e012159be8",
        "version" : "1.25.2"
      }
    }
  ],
  "version" : 3
}
